
Microsoft Visual Studio Solution File, Format Version 12.00
# Visual Studio Version 17
VisualStudioVersion = 17.7.34221.43
MinimumVisualStudioVersion = 10.0.40219.1
Project("{FAE04EC0-301F-11D3-BF4B-00C04F79EFBC}") = "QuizGame", "QuizGame\QuizGame.csproj", "{5A206342-CE0B-492E-A568-829B90DAB9C6}"
EndProject
Global
	GlobalSection(SolutionConfigurationPlatforms) = preSolution
		Debug|Any CPU = Debug|Any CPU
		Release|Any CPU = Release|Any CPU
	EndGlobalSection
	GlobalSection(ProjectConfigurationPlatforms) = postSolution
		{5A206342-CE0B-492E-A568-829B90DAB9C6}.Debug|Any CPU.ActiveCfg = Debug|Any CPU
		{5A206342-CE0B-492E-A568-829B90DAB9C6}.Debug|Any CPU.Build.0 = Debug|Any CPU
		{5A206342-CE0B-492E-A568-829B90DAB9C6}.Release|Any CPU.ActiveCfg = Release|Any CPU
		{5A206342-CE0B-492E-A568-829B90DAB9C6}.Release|Any CPU.Build.0 = Release|Any CPU
	EndGlobalSection
	GlobalSection(SolutionProperties) = preSolution
		HideSolutionNode = FALSE
	EndGlobalSection
	GlobalSection(ExtensibilityGlobals) = postSolution
		SolutionGuid = {38B94839-29DC-486B-B184-F7C3077E0774}
	EndGlobalSection
EndGlobal
